
Microsoft Visual Studio Solution File, Format Version 12.00
# Visual Studio Version 17
VisualStudioVersion = 17.9.34622.214
MinimumVisualStudioVersion = 10.0.40219.1
Project("{FAE04EC0-301F-11D3-BF4B-00C04F79EFBC}") = "CryptoMetaExchange.Console", "CryptoMetaExchange.Console\CryptoMetaExchange.Console.csproj", "{59CC0FD0-D6F2-43DE-A1A1-22ED05B47EC7}"
EndProject
Project("{FAE04EC0-301F-11D3-BF4B-00C04F79EFBC}") = "CryptoMetaExchange.Common", "CryptoMetaExchange.Common\CryptoMetaExchange.Common.csproj", "{AC29A5FD-BEC5-480A-A260-CD0B521D81E7}"
EndProject
Project("{FAE04EC0-301F-11D3-BF4B-00C04F79EFBC}") = "CryptoMetaExchange.WebApi", "CryptoMetaExchange.WebApi\CryptoMetaExchange.WebApi.csproj", "{F4A861C3-2950-4E4B-BC33-2FAF2DC37DE5}"
EndProject
Global
	GlobalSection(SolutionConfigurationPlatforms) = preSolution
		Debug|Any CPU = Debug|Any CPU
		Release|Any CPU = Release|Any CPU
	EndGlobalSection
	GlobalSection(ProjectConfigurationPlatforms) = postSolution
		{59CC0FD0-D6F2-43DE-A1A1-22ED05B47EC7}.Debug|Any CPU.ActiveCfg = Debug|Any CPU
		{59CC0FD0-D6F2-43DE-A1A1-22ED05B47EC7}.Debug|Any CPU.Build.0 = Debug|Any CPU
		{59CC0FD0-D6F2-43DE-A1A1-22ED05B47EC7}.Release|Any CPU.ActiveCfg = Release|Any CPU
		{59CC0FD0-D6F2-43DE-A1A1-22ED05B47EC7}.Release|Any CPU.Build.0 = Release|Any CPU
		{AC29A5FD-BEC5-480A-A260-CD0B521D81E7}.Debug|Any CPU.ActiveCfg = Debug|Any CPU
		{AC29A5FD-BEC5-480A-A260-CD0B521D81E7}.Debug|Any CPU.Build.0 = Debug|Any CPU
		{AC29A5FD-BEC5-480A-A260-CD0B521D81E7}.Release|Any CPU.ActiveCfg = Release|Any CPU
		{AC29A5FD-BEC5-480A-A260-CD0B521D81E7}.Release|Any CPU.Build.0 = Release|Any CPU
		{F4A861C3-2950-4E4B-BC33-2FAF2DC37DE5}.Debug|Any CPU.ActiveCfg = Debug|Any CPU
		{F4A861C3-2950-4E4B-BC33-2FAF2DC37DE5}.Debug|Any CPU.Build.0 = Debug|Any CPU
		{F4A861C3-2950-4E4B-BC33-2FAF2DC37DE5}.Release|Any CPU.ActiveCfg = Release|Any CPU
		{F4A861C3-2950-4E4B-BC33-2FAF2DC37DE5}.Release|Any CPU.Build.0 = Release|Any CPU
	EndGlobalSection
	GlobalSection(SolutionProperties) = preSolution
		HideSolutionNode = FALSE
	EndGlobalSection
	GlobalSection(ExtensibilityGlobals) = postSolution
		SolutionGuid = {9A1352AF-41A6-4213-8A73-7F2BBF5529DD}
	EndGlobalSection
EndGlobal
